// !$*UTF8*$!
{
	archiveVersion = 1;
	classes = {
	};
	objectVersion = 46;
	objects = {

/* Begin PBXBuildFile section */
		5EE7D55811B3CAD6817EB1DC /* libPods-konosuba.a in Frameworks */ = {isa = PBXBuildFile; fileRef = 5922D0003778E3012EB389C5 /* libPods-konosuba.a */; };
		705EDEF41C8171CF0021DD71 /* KSBBgmSettingViewController.m in Sources */ = {isa = PBXBuildFile; fileRef = 705EDEF31C8171CF0021DD71 /* KSBBgmSettingViewController.m */; };
		70936A591C8289960020E922 /* 3_2.png in Resources */ = {isa = PBXBuildFile; fileRef = 70936A531C8289960020E922 /* 3_2.png */; };
		70936A5A1C8289960020E922 /* 1_1.png in Resources */ = {isa = PBXBuildFile; fileRef = 70936A541C8289960020E922 /* 1_1.png */; };
		70936A5B1C8289960020E922 /* 1_2.png in Resources */ = {isa = PBXBuildFile; fileRef = 70936A551C8289960020E922 /* 1_2.png */; };
		70936A5C1C8289960020E922 /* 2_2.png in Resources */ = {isa = PBXBuildFile; fileRef = 70936A561C8289960020E922 /* 2_2.png */; };
		70936A5D1C8289960020E922 /* 3_1.png in Resources */ = {isa = PBXBuildFile; fileRef = 70936A571C8289960020E922 /* 3_1.png */; };
		70936A5E1C8289960020E922 /* 2_1.png in Resources */ = {isa = PBXBuildFile; fileRef = 70936A581C8289960020E922 /* 2_1.png */; };
		70DD4CAD1C81D0A500960D58 /* KSBMovieManager.m in Sources */ = {isa = PBXBuildFile; fileRef = 70DD4CAB1C81D0A500960D58 /* KSBMovieManager.m */; };
		70DD4CB11C81D0E400960D58 /* UIImage+Util.m in Sources */ = {isa = PBXBuildFile; fileRef = 70DD4CB01C81D0E400960D58 /* UIImage+Util.m */; };
		70DD4CCC1C81D25200960D58 /* frame09@2x.png in Resources */ = {isa = PBXBuildFile; fileRef = 70DD4CB81C81D25200960D58 /* frame09@2x.png */; };
		70DD4CCD1C81D25200960D58 /* frame10.png in Resources */ = {isa = PBXBuildFile; fileRef = 70DD4CB91C81D25200960D58 /* frame10.png */; };
		70DD4CCE1C81D25200960D58 /* frame10@2x.png in Resources */ = {isa = PBXBuildFile; fileRef = 70DD4CBA1C81D25200960D58 /* frame10@2x.png */; };
		70DD4CCF1C81D25200960D58 /* frame01.png in Resources */ = {isa = PBXBuildFile; fileRef = 70DD4CBB1C81D25200960D58 /* frame01.png */; };
		70DD4CD01C81D25200960D58 /* frame01@2x.png in Resources */ = {isa = PBXBuildFile; fileRef = 70DD4CBC1C81D25200960D58 /* frame01@2x.png */; };
		70DD4CD11C81D25200960D58 /* frame02.png in Resources */ = {isa = PBXBuildFile; fileRef = 70DD4CBD1C81D25200960D58 /* frame02.png */; };
		70DD4CD21C81D25300960D58 /* frame02@2x.png in Resources */ = {isa = PBXBuildFile; fileRef = 70DD4CBE1C81D25200960D58 /* frame02@2x.png */; };
		70DD4CD31C81D25300960D58 /* frame03.png in Resources */ = {isa = PBXBuildFile; fileRef = 70DD4CBF1C81D25200960D58 /* frame03.png */; };
		70DD4CD41C81D25300960D58 /* frame03@2x.png in Resources */ = {isa = PBXBuildFile; fileRef = 70DD4CC01C81D25200960D58 /* frame03@2x.png */; };
		70DD4CD51C81D25300960D58 /* frame04.png in Resources */ = {isa = PBXBuildFile; fileRef = 70DD4CC11C81D25200960D58 /* frame04.png */; };
		70DD4CD61C81D25300960D58 /* frame04@2x.png in Resources */ = {isa = PBXBuildFile; fileRef = 70DD4CC21C81D25200960D58 /* frame04@2x.png */; };
		70DD4CD71C81D25300960D58 /* frame05.png in Resources */ = {isa = PBXBuildFile; fileRef = 70DD4CC31C81D25200960D58 /* frame05.png */; };
		70DD4CD81C81D25300960D58 /* frame05@2x.png in Resources */ = {isa = PBXBuildFile; fileRef = 70DD4CC41C81D25200960D58 /* frame05@2x.png */; };
		70DD4CD91C81D25300960D58 /* frame06.png in Resources */ = {isa = PBXBuildFile; fileRef = 70DD4CC51C81D25200960D58 /* frame06.png */; };
		70DD4CDA1C81D25300960D58 /* frame06@2x.png in Resources */ = {isa = PBXBuildFile; fileRef = 70DD4CC61C81D25200960D58 /* frame06@2x.png */; };
		70DD4CDB1C81D25300960D58 /* frame07.png in Resources */ = {isa = PBXBuildFile; fileRef = 70DD4CC71C81D25200960D58 /* frame07.png */; };
		70DD4CDC1C81D25300960D58 /* frame07@2x.png in Resources */ = {isa = PBXBuildFile; fileRef = 70DD4CC81C81D25200960D58 /* frame07@2x.png */; };
		70DD4CDD1C81D25300960D58 /* frame08.png in Resources */ = {isa = PBXBuildFile; fileRef = 70DD4CC91C81D25200960D58 /* frame08.png */; };
		70DD4CDE1C81D25300960D58 /* frame08@2x.png in Resources */ = {isa = PBXBuildFile; fileRef = 70DD4CCA1C81D25200960D58 /* frame08@2x.png */; };
		70DD4CDF1C81D25300960D58 /* frame09.png in Resources */ = {isa = PBXBuildFile; fileRef = 70DD4CCB1C81D25200960D58 /* frame09.png */; };
		70DD4CE21C81D26800960D58 /* top_shade.png in Resources */ = {isa = PBXBuildFile; fileRef = 70DD4CE01C81D26800960D58 /* top_shade.png */; };
		70DD4CE31C81D26800960D58 /* top.png in Resources */ = {isa = PBXBuildFile; fileRef = 70DD4CE11C81D26800960D58 /* top.png */; };
		70DD4CE91C81D27500960D58 /* save.png in Resources */ = {isa = PBXBuildFile; fileRef = 70DD4CE41C81D27500960D58 /* save.png */; };
		70DD4CEA1C81D27500960D58 /* twitter.png in Resources */ = {isa = PBXBuildFile; fileRef = 70DD4CE51C81D27500960D58 /* twitter.png */; };
		70DD4CEB1C81D27500960D58 /* facebook.png in Resources */ = {isa = PBXBuildFile; fileRef = 70DD4CE61C81D27500960D58 /* facebook.png */; };
		70DD4CEC1C81D27500960D58 /* back.png in Resources */ = {isa = PBXBuildFile; fileRef = 70DD4CE71C81D27500960D58 /* back.png */; };
		70DD4CED1C81D27500960D58 /* camera.png in Resources */ = {isa = PBXBuildFile; fileRef = 70DD4CE81C81D27500960D58 /* camera.png */; };
		70DD4CF21C81D2DF00960D58 /* SecondViewController.m in Sources */ = {isa = PBXBuildFile; fileRef = 70DD4CEE1C81D2DF00960D58 /* SecondViewController.m */; };
		70DD4CF31C81D2DF00960D58 /* FirstViewController.m in Sources */ = {isa = PBXBuildFile; fileRef = 70DD4CF01C81D2DF00960D58 /* FirstViewController.m */; };
		70DD4CF71C81D36F00960D58 /* ImageProcessor.m in Sources */ = {isa = PBXBuildFile; fileRef = 70DD4CF61C81D36F00960D58 /* ImageProcessor.m */; };
		70DD4CFA1C81D44200960D58 /* KSBAnimationAction.m in Sources */ = {isa = PBXBuildFile; fileRef = 70DD4CF81C81D44200960D58 /* KSBAnimationAction.m */; };
		70DD4D001C821B6700960D58 /* KSBConvertViewController.m in Sources */ = {isa = PBXBuildFile; fileRef = 70DD4CFF1C821B6700960D58 /* KSBConvertViewController.m */; };
		70DD4D021C8221AE00960D58 /* imgres.jpg in Resources */ = {isa = PBXBuildFile; fileRef = 70DD4D011C8221AE00960D58 /* imgres.jpg */; };
		70DD4D061C822C2E00960D58 /* KSBResultViewController.m in Sources */ = {isa = PBXBuildFile; fileRef = 70DD4D051C822C2E00960D58 /* KSBResultViewController.m */; };
		70DD4D091C822CF400960D58 /* AVPlayerView.m in Sources */ = {isa = PBXBuildFile; fileRef = 70DD4D081C822CF400960D58 /* AVPlayerView.m */; };
		70DD4D171C82747400960D58 /* 3_2.mp3 in Resources */ = {isa = PBXBuildFile; fileRef = 70DD4D111C82747400960D58 /* 3_2.mp3 */; };
		70DD4D181C82747400960D58 /* 3_1.mp3 in Resources */ = {isa = PBXBuildFile; fileRef = 70DD4D121C82747400960D58 /* 3_1.mp3 */; };
		70DD4D191C82747400960D58 /* 2_2.mp3 in Resources */ = {isa = PBXBuildFile; fileRef = 70DD4D131C82747400960D58 /* 2_2.mp3 */; };
		70DD4D1A1C82747400960D58 /* 2_1.mp3 in Resources */ = {isa = PBXBuildFile; fileRef = 70DD4D141C82747400960D58 /* 2_1.mp3 */; };
		70DD4D1B1C82747400960D58 /* 1_2.mp3 in Resources */ = {isa = PBXBuildFile; fileRef = 70DD4D151C82747400960D58 /* 1_2.mp3 */; };
		70DD4D1C1C82747400960D58 /* 1_1.mp3 in Resources */ = {isa = PBXBuildFile; fileRef = 70DD4D161C82747400960D58 /* 1_1.mp3 */; };
		9F20D8461C8144A900A41B90 /* main.m in Sources */ = {isa = PBXBuildFile; fileRef = 9F20D8451C8144A900A41B90 /* main.m */; };
		9F20D8491C8144A900A41B90 /* AppDelegate.m in Sources */ = {isa = PBXBuildFile; fileRef = 9F20D8481C8144A900A41B90 /* AppDelegate.m */; };
		9F20D8511C8144A900A41B90 /* Assets.xcassets in Resources */ = {isa = PBXBuildFile; fileRef = 9F20D8501C8144A900A41B90 /* Assets.xcassets */; };
		9F20D8541C8144A900A41B90 /* LaunchScreen.storyboard in Resources */ = {isa = PBXBuildFile; fileRef = 9F20D8521C8144A900A41B90 /* LaunchScreen.storyboard */; };
		9F20D85F1C8144A900A41B90 /* konosubaTests.m in Sources */ = {isa = PBXBuildFile; fileRef = 9F20D85E1C8144A900A41B90 /* konosubaTests.m */; };
		9F20D86A1C8144A900A41B90 /* konosubaUITests.m in Sources */ = {isa = PBXBuildFile; fileRef = 9F20D8691C8144A900A41B90 /* konosubaUITests.m */; };
		9F20D8791C8144C600A41B90 /* KSBTopViewController.m in Sources */ = {isa = PBXBuildFile; fileRef = 9F20D8781C8144C600A41B90 /* KSBTopViewController.m */; };
		9F20D87C1C81632900A41B90 /* KSBStepperViewController.m in Sources */ = {isa = PBXBuildFile; fileRef = 9F20D87B1C81632900A41B90 /* KSBStepperViewController.m */; };
		9F20D8871C8163CF00A41B90 /* StepperView.m in Sources */ = {isa = PBXBuildFile; fileRef = 9F20D8861C8163CF00A41B90 /* StepperView.m */; };
		9F20D88C1C8165E800A41B90 /* Const.m in Sources */ = {isa = PBXBuildFile; fileRef = 9F20D88A1C8165E800A41B90 /* Const.m */; };
		9F20D8921C819CCB00A41B90 /* MediaPlayer.framework in Frameworks */ = {isa = PBXBuildFile; fileRef = 9F20D8911C819CCA00A41B90 /* MediaPlayer.framework */; };
		9F20D8941C819CD500A41B90 /* AssetsLibrary.framework in Frameworks */ = {isa = PBXBuildFile; fileRef = 9F20D8931C819CD500A41B90 /* AssetsLibrary.framework */; };
		9F20D8961C819CE300A41B90 /* AVFoundation.framework in Frameworks */ = {isa = PBXBuildFile; fileRef = 9F20D8951C819CE300A41B90 /* AVFoundation.framework */; };
		9F20D89A1C81CE3000A41B90 /* KSBAVAssetManager.m in Sources */ = {isa = PBXBuildFile; fileRef = 9F20D8991C81CE3000A41B90 /* KSBAVAssetManager.m */; };
		9F20D89E1C81DA1800A41B90 /* no-poi!.mp3 in Resources */ = {isa = PBXBuildFile; fileRef = 9F20D89D1C81DA1800A41B90 /* no-poi!.mp3 */; };
		9F20D8A51C81DAFC00A41B90 /* RETrimControl.bundle in Resources */ = {isa = PBXBuildFile; fileRef = 9F20D8A01C81DAFC00A41B90 /* RETrimControl.bundle */; };
		9F20D8A61C81DAFC00A41B90 /* RETrimControl.m in Sources */ = {isa = PBXBuildFile; fileRef = 9F20D8A21C81DAFC00A41B90 /* RETrimControl.m */; };
		9F20D8A71C81DAFC00A41B90 /* RETrimPopover.m in Sources */ = {isa = PBXBuildFile; fileRef = 9F20D8A41C81DAFC00A41B90 /* RETrimPopover.m */; };
		9F20D8AC1C8213E900A41B90 /* TSLibraryImport.m in Sources */ = {isa = PBXBuildFile; fileRef = 9F20D8AB1C8213E900A41B90 /* TSLibraryImport.m */; };
		9F20D8B01C8223D900A41B90 /* KSBBgmTrimViewController.m in Sources */ = {isa = PBXBuildFile; fileRef = 9F20D8AF1C8223D900A41B90 /* KSBBgmTrimViewController.m */; };
		9F20D8B21C82A2AB00A41B90 /* CoreImage.framework in Frameworks */ = {isa = PBXBuildFile; fileRef = 9F20D8B11C82A2AB00A41B90 /* CoreImage.framework */; };
		9F20D8B41C82A2BA00A41B90 /* ImageIO.framework in Frameworks */ = {isa = PBXBuildFile; fileRef = 9F20D8B31C82A2BA00A41B90 /* ImageIO.framework */; };
		9F20D8B81C82A2F300A41B90 /* CameraViewController.m in Sources */ = {isa = PBXBuildFile; fileRef = 9F20D8B71C82A2F300A41B90 /* CameraViewController.m */; };
		9F20D8BD1C82AEB100A41B90 /* flash.png in Resources */ = {isa = PBXBuildFile; fileRef = 9F20D8BA1C82AEB100A41B90 /* flash.png */; };
		9F20D8BE1C82AEB100A41B90 /* front.png in Resources */ = {isa = PBXBuildFile; fileRef = 9F20D8BB1C82AEB100A41B90 /* front.png */; };
		9F20D8BF1C82AEB100A41B90 /* shutter.png in Resources */ = {isa = PBXBuildFile; fileRef = 9F20D8BC1C82AEB100A41B90 /* shutter.png */; };
/* End PBXBuildFile section */

/* Begin PBXContainerItemProxy section */
		9F20D85B1C8144A900A41B90 /* PBXContainerItemProxy */ = {
			isa = PBXContainerItemProxy;
			containerPortal = 9F20D8391C8144A900A41B90 /* Project object */;
			proxyType = 1;
			remoteGlobalIDString = 9F20D8401C8144A900A41B90;
			remoteInfo = konosuba;
		};
		9F20D8661C8144A900A41B90 /* PBXContainerItemProxy */ = {
			isa = PBXContainerItemProxy;
			containerPortal = 9F20D8391C8144A900A41B90 /* Project object */;
			proxyType = 1;
			remoteGlobalIDString = 9F20D8401C8144A900A41B90;
			remoteInfo = konosuba;
		};
/* End PBXContainerItemProxy section */

/* Begin PBXFileReference section */
		19DA7BBBBB62BFE64D2F9259 /* Pods-konosuba.debug.xcconfig */ = {isa = PBXFileReference; includeInIndex = 1; lastKnownFileType = text.xcconfig; name = "Pods-konosuba.debug.xcconfig"; path = "Pods/Target Support Files/Pods-konosuba/Pods-konosuba.debug.xcconfig"; sourceTree = "<group>"; };
		5922D0003778E3012EB389C5 /* libPods-konosuba.a */ = {isa = PBXFileReference; explicitFileType = archive.ar; includeInIndex = 0; path = "libPods-konosuba.a"; sourceTree = BUILT_PRODUCTS_DIR; };
		705EDEF21C8171CF0021DD71 /* KSBBgmSettingViewController.h */ = {isa = PBXFileReference; fileEncoding = 4; lastKnownFileType = sourcecode.c.h; path = KSBBgmSettingViewController.h; sourceTree = "<group>"; };
		705EDEF31C8171CF0021DD71 /* KSBBgmSettingViewController.m */ = {isa = PBXFileReference; fileEncoding = 4; lastKnownFileType = sourcecode.c.objc; path = KSBBgmSettingViewController.m; sourceTree = "<group>"; };
		70936A531C8289960020E922 /* 3_2.png */ = {isa = PBXFileReference; lastKnownFileType = image.png; path = 3_2.png; sourceTree = "<group>"; };
		70936A541C8289960020E922 /* 1_1.png */ = {isa = PBXFileReference; lastKnownFileType = image.png; path = 1_1.png; sourceTree = "<group>"; };
		70936A551C8289960020E922 /* 1_2.png */ = {isa = PBXFileReference; lastKnownFileType = image.png; path = 1_2.png; sourceTree = "<group>"; };
		70936A561C8289960020E922 /* 2_2.png */ = {isa = PBXFileReference; lastKnownFileType = image.png; path = 2_2.png; sourceTree = "<group>"; };
		70936A571C8289960020E922 /* 3_1.png */ = {isa = PBXFileReference; lastKnownFileType = image.png; path = 3_1.png; sourceTree = "<group>"; };
		70936A581C8289960020E922 /* 2_1.png */ = {isa = PBXFileReference; lastKnownFileType = image.png; path = 2_1.png; sourceTree = "<group>"; };
		70DD4CAB1C81D0A500960D58 /* KSBMovieManager.m */ = {isa = PBXFileReference; fileEncoding = 4; lastKnownFileType = sourcecode.c.objc; path = KSBMovieManager.m; sourceTree = "<group>"; };
		70DD4CAC1C81D0A500960D58 /* KSBMovieManager.h */ = {isa = PBXFileReference; fileEncoding = 4; lastKnownFileType = sourcecode.c.h; path = KSBMovieManager.h; sourceTree = "<group>"; };
		70DD4CAF1C81D0E400960D58 /* UIImage+Util.h */ = {isa = PBXFileReference; fileEncoding = 4; lastKnownFileType = sourcecode.c.h; path = "UIImage+Util.h"; sourceTree = "<group>"; };
		70DD4CB01C81D0E400960D58 /* UIImage+Util.m */ = {isa = PBXFileReference; fileEncoding = 4; lastKnownFileType = sourcecode.c.objc; path = "UIImage+Util.m"; sourceTree = "<group>"; };
		70DD4CB81C81D25200960D58 /* frame09@2x.png */ = {isa = PBXFileReference; lastKnownFileType = image.png; name = "frame09@2x.png"; path = "image/frame/frame09@2x.png"; sourceTree = "<group>"; };
		70DD4CB91C81D25200960D58 /* frame10.png */ = {isa = PBXFileReference; lastKnownFileType = image.png; name = frame10.png; path = image/frame/frame10.png; sourceTree = "<group>"; };
		70DD4CBA1C81D25200960D58 /* frame10@2x.png */ = {isa = PBXFileReference; lastKnownFileType = image.png; name = "frame10@2x.png"; path = "image/frame/frame10@2x.png"; sourceTree = "<group>"; };
		70DD4CBB1C81D25200960D58 /* frame01.png */ = {isa = PBXFileReference; lastKnownFileType = image.png; name = frame01.png; path = image/frame/frame01.png; sourceTree = "<group>"; };
		70DD4CBC1C81D25200960D58 /* frame01@2x.png */ = {isa = PBXFileReference; lastKnownFileType = image.png; name = "frame01@2x.png"; path = "image/frame/frame01@2x.png"; sourceTree = "<group>"; };
		70DD4CBD1C81D25200960D58 /* frame02.png */ = {isa = PBXFileReference; lastKnownFileType = image.png; name = frame02.png; path = image/frame/frame02.png; sourceTree = "<group>"; };
		70DD4CBE1C81D25200960D58 /* frame02@2x.png */ = {isa = PBXFileReference; lastKnownFileType = image.png; name = "frame02@2x.png"; path = "image/frame/frame02@2x.png"; sourceTree = "<group>"; };
		70DD4CBF1C81D25200960D58 /* frame03.png */ = {isa = PBXFileReference; lastKnownFileType = image.png; name = frame03.png; path = image/frame/frame03.png; sourceTree = "<group>"; };
		70DD4CC01C81D25200960D58 /* frame03@2x.png */ = {isa = PBXFileReference; lastKnownFileType = image.png; name = "frame03@2x.png"; path = "image/frame/frame03@2x.png"; sourceTree = "<group>"; };
		70DD4CC11C81D25200960D58 /* frame04.png */ = {isa = PBXFileReference; lastKnownFileType = image.png; name = frame04.png; path = image/frame/frame04.png; sourceTree = "<group>"; };
		70DD4CC21C81D25200960D58 /* frame04@2x.png */ = {isa = PBXFileReference; lastKnownFileType = image.png; name = "frame04@2x.png"; path = "image/frame/frame04@2x.png"; sourceTree = "<group>"; };
		70DD4CC31C81D25200960D58 /* frame05.png */ = {isa = PBXFileReference; lastKnownFileType = image.png; name = frame05.png; path = image/frame/frame05.png; sourceTree = "<group>"; };
		70DD4CC41C81D25200960D58 /* frame05@2x.png */ = {isa = PBXFileReference; lastKnownFileType = image.png; name = "frame05@2x.png"; path = "image/frame/frame05@2x.png"; sourceTree = "<group>"; };
		70DD4CC51C81D25200960D58 /* frame06.png */ = {isa = PBXFileReference; lastKnownFileType = image.png; name = frame06.png; path = image/frame/frame06.png; sourceTree = "<group>"; };
		70DD4CC61C81D25200960D58 /* frame06@2x.png */ = {isa = PBXFileReference; lastKnownFileType = image.png; name = "frame06@2x.png"; path = "image/frame/frame06@2x.png"; sourceTree = "<group>"; };
		70DD4CC71C81D25200960D58 /* frame07.png */ = {isa = PBXFileReference; lastKnownFileType = image.png; name = frame07.png; path = image/frame/frame07.png; sourceTree = "<group>"; };
		70DD4CC81C81D25200960D58 /* frame07@2x.png */ = {isa = PBXFileReference; lastKnownFileType = image.png; name = "frame07@2x.png"; path = "image/frame/frame07@2x.png"; sourceTree = "<group>"; };
		70DD4CC91C81D25200960D58 /* frame08.png */ = {isa = PBXFileReference; lastKnownFileType = image.png; name = frame08.png; path = image/frame/frame08.png; sourceTree = "<group>"; };
		70DD4CCA1C81D25200960D58 /* frame08@2x.png */ = {isa = PBXFileReference; lastKnownFileType = image.png; name = "frame08@2x.png"; path = "image/frame/frame08@2x.png"; sourceTree = "<group>"; };
		70DD4CCB1C81D25200960D58 /* frame09.png */ = {isa = PBXFileReference; lastKnownFileType = image.png; name = frame09.png; path = image/frame/frame09.png; sourceTree = "<group>"; };
		70DD4CE01C81D26800960D58 /* top_shade.png */ = {isa = PBXFileReference; lastKnownFileType = image.png; name = top_shade.png; path = image/other/top_shade.png; sourceTree = "<group>"; };
		70DD4CE11C81D26800960D58 /* top.png */ = {isa = PBXFileReference; lastKnownFileType = image.png; name = top.png; path = image/other/top.png; sourceTree = "<group>"; };
		70DD4CE41C81D27500960D58 /* save.png */ = {isa = PBXFileReference; lastKnownFileType = image.png; name = save.png; path = image/button/save.png; sourceTree = "<group>"; };
		70DD4CE51C81D27500960D58 /* twitter.png */ = {isa = PBXFileReference; lastKnownFileType = image.png; name = twitter.png; path = image/button/twitter.png; sourceTree = "<group>"; };
		70DD4CE61C81D27500960D58 /* facebook.png */ = {isa = PBXFileReference; lastKnownFileType = image.png; name = facebook.png; path = image/button/facebook.png; sourceTree = "<group>"; };
		70DD4CE71C81D27500960D58 /* back.png */ = {isa = PBXFileReference; lastKnownFileType = image.png; name = back.png; path = image/button/back.png; sourceTree = "<group>"; };
		70DD4CE81C81D27500960D58 /* camera.png */ = {isa = PBXFileReference; lastKnownFileType = image.png; name = camera.png; path = image/button/camera.png; sourceTree = "<group>"; };
		70DD4CEE1C81D2DF00960D58 /* SecondViewController.m */ = {isa = PBXFileReference; fileEncoding = 4; lastKnownFileType = sourcecode.c.objc; path = SecondViewController.m; sourceTree = "<group>"; };
		70DD4CEF1C81D2DF00960D58 /* SecondViewController.h */ = {isa = PBXFileReference; fileEncoding = 4; lastKnownFileType = sourcecode.c.h; path = SecondViewController.h; sourceTree = "<group>"; };
		70DD4CF01C81D2DF00960D58 /* FirstViewController.m */ = {isa = PBXFileReference; fileEncoding = 4; lastKnownFileType = sourcecode.c.objc; path = FirstViewController.m; sourceTree = "<group>"; };
		70DD4CF11C81D2DF00960D58 /* FirstViewController.h */ = {isa = PBXFileReference; fileEncoding = 4; lastKnownFileType = sourcecode.c.h; path = FirstViewController.h; sourceTree = "<group>"; };
		70DD4CF51C81D36F00960D58 /* ImageProcessor.h */ = {isa = PBXFileReference; fileEncoding = 4; lastKnownFileType = sourcecode.c.h; path = ImageProcessor.h; sourceTree = "<group>"; };
		70DD4CF61C81D36F00960D58 /* ImageProcessor.m */ = {isa = PBXFileReference; fileEncoding = 4; lastKnownFileType = sourcecode.c.objc; path = ImageProcessor.m; sourceTree = "<group>"; };
		70DD4CF81C81D44200960D58 /* KSBAnimationAction.m */ = {isa = PBXFileReference; fileEncoding = 4; lastKnownFileType = sourcecode.c.objc; path = KSBAnimationAction.m; sourceTree = "<group>"; };
		70DD4CF91C81D44200960D58 /* KSBAnimationAction.h */ = {isa = PBXFileReference; fileEncoding = 4; lastKnownFileType = sourcecode.c.h; path = KSBAnimationAction.h; sourceTree = "<group>"; };
		70DD4CFE1C821B6700960D58 /* KSBConvertViewController.h */ = {isa = PBXFileReference; fileEncoding = 4; lastKnownFileType = sourcecode.c.h; path = KSBConvertViewController.h; sourceTree = "<group>"; };
		70DD4CFF1C821B6700960D58 /* KSBConvertViewController.m */ = {isa = PBXFileReference; fileEncoding = 4; lastKnownFileType = sourcecode.c.objc; path = KSBConvertViewController.m; sourceTree = "<group>"; };
		70DD4D011C8221AE00960D58 /* imgres.jpg */ = {isa = PBXFileReference; lastKnownFileType = image.jpeg; path = imgres.jpg; sourceTree = "<group>"; };
		70DD4D041C822C2E00960D58 /* KSBResultViewController.h */ = {isa = PBXFileReference; fileEncoding = 4; lastKnownFileType = sourcecode.c.h; path = KSBResultViewController.h; sourceTree = "<group>"; };
		70DD4D051C822C2E00960D58 /* KSBResultViewController.m */ = {isa = PBXFileReference; fileEncoding = 4; lastKnownFileType = sourcecode.c.objc; path = KSBResultViewController.m; sourceTree = "<group>"; };
		70DD4D071C822CF400960D58 /* AVPlayerView.h */ = {isa = PBXFileReference; fileEncoding = 4; lastKnownFileType = sourcecode.c.h; path = AVPlayerView.h; sourceTree = "<group>"; };
		70DD4D081C822CF400960D58 /* AVPlayerView.m */ = {isa = PBXFileReference; fileEncoding = 4; lastKnownFileType = sourcecode.c.objc; path = AVPlayerView.m; sourceTree = "<group>"; };
		70DD4D111C82747400960D58 /* 3_2.mp3 */ = {isa = PBXFileReference; lastKnownFileType = audio.mp3; path = 3_2.mp3; sourceTree = "<group>"; };
		70DD4D121C82747400960D58 /* 3_1.mp3 */ = {isa = PBXFileReference; lastKnownFileType = audio.mp3; path = 3_1.mp3; sourceTree = "<group>"; };
		70DD4D131C82747400960D58 /* 2_2.mp3 */ = {isa = PBXFileReference; lastKnownFileType = audio.mp3; path = 2_2.mp3; sourceTree = "<group>"; };
		70DD4D141C82747400960D58 /* 2_1.mp3 */ = {isa = PBXFileReference; lastKnownFileType = audio.mp3; path = 2_1.mp3; sourceTree = "<group>"; };
		70DD4D151C82747400960D58 /* 1_2.mp3 */ = {isa = PBXFileReference; lastKnownFileType = audio.mp3; path = 1_2.mp3; sourceTree = "<group>"; };
		70DD4D161C82747400960D58 /* 1_1.mp3 */ = {isa = PBXFileReference; lastKnownFileType = audio.mp3; path = 1_1.mp3; sourceTree = "<group>"; };
		9BF021385222574E677ECF36 /* Pods-konosuba.release.xcconfig */ = {isa = PBXFileReference; includeInIndex = 1; lastKnownFileType = text.xcconfig; name = "Pods-konosuba.release.xcconfig"; path = "Pods/Target Support Files/Pods-konosuba/Pods-konosuba.release.xcconfig"; sourceTree = "<group>"; };
		9F20D8411C8144A900A41B90 /* konosuba.app */ = {isa = PBXFileReference; explicitFileType = wrapper.application; includeInIndex = 0; path = konosuba.app; sourceTree = BUILT_PRODUCTS_DIR; };
		9F20D8451C8144A900A41B90 /* main.m */ = {isa = PBXFileReference; lastKnownFileType = sourcecode.c.objc; path = main.m; sourceTree = "<group>"; };
		9F20D8471C8144A900A41B90 /* AppDelegate.h */ = {isa = PBXFileReference; lastKnownFileType = sourcecode.c.h; path = AppDelegate.h; sourceTree = "<group>"; };
		9F20D8481C8144A900A41B90 /* AppDelegate.m */ = {isa = PBXFileReference; lastKnownFileType = sourcecode.c.objc; path = AppDelegate.m; sourceTree = "<group>"; };
		9F20D8501C8144A900A41B90 /* Assets.xcassets */ = {isa = PBXFileReference; lastKnownFileType = folder.assetcatalog; path = Assets.xcassets; sourceTree = "<group>"; };
		9F20D8531C8144A900A41B90 /* Base */ = {isa = PBXFileReference; lastKnownFileType = file.storyboard; name = Base; path = Base.lproj/LaunchScreen.storyboard; sourceTree = "<group>"; };
		9F20D8551C8144A900A41B90 /* Info.plist */ = {isa = PBXFileReference; lastKnownFileType = text.plist.xml; path = Info.plist; sourceTree = "<group>"; };
		9F20D85A1C8144A900A41B90 /* konosubaTests.xctest */ = {isa = PBXFileReference; explicitFileType = wrapper.cfbundle; includeInIndex = 0; path = konosubaTests.xctest; sourceTree = BUILT_PRODUCTS_DIR; };
		9F20D85E1C8144A900A41B90 /* konosubaTests.m */ = {isa = PBXFileReference; lastKnownFileType = sourcecode.c.objc; path = konosubaTests.m; sourceTree = "<group>"; };
		9F20D8601C8144A900A41B90 /* Info.plist */ = {isa = PBXFileReference; lastKnownFileType = text.plist.xml; path = Info.plist; sourceTree = "<group>"; };
		9F20D8651C8144A900A41B90 /* konosubaUITests.xctest */ = {isa = PBXFileReference; explicitFileType = wrapper.cfbundle; includeInIndex = 0; path = konosubaUITests.xctest; sourceTree = BUILT_PRODUCTS_DIR; };
		9F20D8691C8144A900A41B90 /* konosubaUITests.m */ = {isa = PBXFileReference; lastKnownFileType = sourcecode.c.objc; path = konosubaUITests.m; sourceTree = "<group>"; };
		9F20D86B1C8144A900A41B90 /* Info.plist */ = {isa = PBXFileReference; lastKnownFileType = text.plist.xml; path = Info.plist; sourceTree = "<group>"; };
		9F20D8771C8144C600A41B90 /* KSBTopViewController.h */ = {isa = PBXFileReference; fileEncoding = 4; lastKnownFileType = sourcecode.c.h; path = KSBTopViewController.h; sourceTree = "<group>"; };
		9F20D8781C8144C600A41B90 /* KSBTopViewController.m */ = {isa = PBXFileReference; fileEncoding = 4; lastKnownFileType = sourcecode.c.objc; path = KSBTopViewController.m; sourceTree = "<group>"; };
		9F20D87A1C81632900A41B90 /* KSBStepperViewController.h */ = {isa = PBXFileReference; fileEncoding = 4; lastKnownFileType = sourcecode.c.h; path = KSBStepperViewController.h; sourceTree = "<group>"; };
		9F20D87B1C81632900A41B90 /* KSBStepperViewController.m */ = {isa = PBXFileReference; fileEncoding = 4; lastKnownFileType = sourcecode.c.objc; path = KSBStepperViewController.m; sourceTree = "<group>"; };
		9F20D8841C8163CF00A41B90 /* StepperConstants.h */ = {isa = PBXFileReference; fileEncoding = 4; lastKnownFileType = sourcecode.c.h; path = StepperConstants.h; sourceTree = "<group>"; };
		9F20D8851C8163CF00A41B90 /* StepperView.h */ = {isa = PBXFileReference; fileEncoding = 4; lastKnownFileType = sourcecode.c.h; path = StepperView.h; sourceTree = "<group>"; };
		9F20D8861C8163CF00A41B90 /* StepperView.m */ = {isa = PBXFileReference; fileEncoding = 4; lastKnownFileType = sourcecode.c.objc; path = StepperView.m; sourceTree = "<group>"; };
		9F20D8891C8165E800A41B90 /* Const.h */ = {isa = PBXFileReference; fileEncoding = 4; lastKnownFileType = sourcecode.c.h; path = Const.h; sourceTree = "<group>"; };
		9F20D88A1C8165E800A41B90 /* Const.m */ = {isa = PBXFileReference; fileEncoding = 4; lastKnownFileType = sourcecode.c.objc; path = Const.m; sourceTree = "<group>"; };
		9F20D88B1C8165E800A41B90 /* Macro.h */ = {isa = PBXFileReference; fileEncoding = 4; lastKnownFileType = sourcecode.c.h; path = Macro.h; sourceTree = "<group>"; };
		9F20D88D1C8166AA00A41B90 /* konosuba-PrefixHeader.pch */ = {isa = PBXFileReference; fileEncoding = 4; lastKnownFileType = sourcecode.c.h; path = "konosuba-PrefixHeader.pch"; sourceTree = "<group>"; };
		9F20D8911C819CCA00A41B90 /* MediaPlayer.framework */ = {isa = PBXFileReference; lastKnownFileType = wrapper.framework; name = MediaPlayer.framework; path = System/Library/Frameworks/MediaPlayer.framework; sourceTree = SDKROOT; };
		9F20D8931C819CD500A41B90 /* AssetsLibrary.framework */ = {isa = PBXFileReference; lastKnownFileType = wrapper.framework; name = AssetsLibrary.framework; path = System/Library/Frameworks/AssetsLibrary.framework; sourceTree = SDKROOT; };
		9F20D8951C819CE300A41B90 /* AVFoundation.framework */ = {isa = PBXFileReference; lastKnownFileType = wrapper.framework; name = AVFoundation.framework; path = System/Library/Frameworks/AVFoundation.framework; sourceTree = SDKROOT; };
		9F20D8981C81CE3000A41B90 /* KSBAVAssetManager.h */ = {isa = PBXFileReference; fileEncoding = 4; lastKnownFileType = sourcecode.c.h; path = KSBAVAssetManager.h; sourceTree = "<group>"; };
		9F20D8991C81CE3000A41B90 /* KSBAVAssetManager.m */ = {isa = PBXFileReference; fileEncoding = 4; lastKnownFileType = sourcecode.c.objc; path = KSBAVAssetManager.m; sourceTree = "<group>"; };
		9F20D89D1C81DA1800A41B90 /* no-poi!.mp3 */ = {isa = PBXFileReference; lastKnownFileType = audio.mp3; path = "no-poi!.mp3"; sourceTree = "<group>"; };
		9F20D8A01C81DAFC00A41B90 /* RETrimControl.bundle */ = {isa = PBXFileReference; lastKnownFileType = "wrapper.plug-in"; path = RETrimControl.bundle; sourceTree = "<group>"; };
		9F20D8A11C81DAFC00A41B90 /* RETrimControl.h */ = {isa = PBXFileReference; fileEncoding = 4; lastKnownFileType = sourcecode.c.h; path = RETrimControl.h; sourceTree = "<group>"; };
		9F20D8A21C81DAFC00A41B90 /* RETrimControl.m */ = {isa = PBXFileReference; fileEncoding = 4; lastKnownFileType = sourcecode.c.objc; path = RETrimControl.m; sourceTree = "<group>"; };
		9F20D8A31C81DAFC00A41B90 /* RETrimPopover.h */ = {isa = PBXFileReference; fileEncoding = 4; lastKnownFileType = sourcecode.c.h; path = RETrimPopover.h; sourceTree = "<group>"; };
		9F20D8A41C81DAFC00A41B90 /* RETrimPopover.m */ = {isa = PBXFileReference; fileEncoding = 4; lastKnownFileType = sourcecode.c.objc; path = RETrimPopover.m; sourceTree = "<group>"; };
		9F20D8AA1C8213E900A41B90 /* TSLibraryImport.h */ = {isa = PBXFileReference; fileEncoding = 4; lastKnownFileType = sourcecode.c.h; path = TSLibraryImport.h; sourceTree = "<group>"; };
		9F20D8AB1C8213E900A41B90 /* TSLibraryImport.m */ = {isa = PBXFileReference; fileEncoding = 4; lastKnownFileType = sourcecode.c.objc; path = TSLibraryImport.m; sourceTree = "<group>"; };
		9F20D8AE1C8223D900A41B90 /* KSBBgmTrimViewController.h */ = {isa = PBXFileReference; fileEncoding = 4; lastKnownFileType = sourcecode.c.h; path = KSBBgmTrimViewController.h; sourceTree = "<group>"; };
		9F20D8AF1C8223D900A41B90 /* KSBBgmTrimViewController.m */ = {isa = PBXFileReference; fileEncoding = 4; lastKnownFileType = sourcecode.c.objc; path = KSBBgmTrimViewController.m; sourceTree = "<group>"; };
		9F20D8B11C82A2AB00A41B90 /* CoreImage.framework */ = {isa = PBXFileReference; lastKnownFileType = wrapper.framework; name = CoreImage.framework; path = System/Library/Frameworks/CoreImage.framework; sourceTree = SDKROOT; };
		9F20D8B31C82A2BA00A41B90 /* ImageIO.framework */ = {isa = PBXFileReference; lastKnownFileType = wrapper.framework; name = ImageIO.framework; path = System/Library/Frameworks/ImageIO.framework; sourceTree = SDKROOT; };
		9F20D8B61C82A2F300A41B90 /* CameraViewController.h */ = {isa = PBXFileReference; fileEncoding = 4; lastKnownFileType = sourcecode.c.h; path = CameraViewController.h; sourceTree = "<group>"; };
		9F20D8B71C82A2F300A41B90 /* CameraViewController.m */ = {isa = PBXFileReference; fileEncoding = 4; lastKnownFileType = sourcecode.c.objc; path = CameraViewController.m; sourceTree = "<group>"; };
		9F20D8BA1C82AEB100A41B90 /* flash.png */ = {isa = PBXFileReference; lastKnownFileType = image.png; path = flash.png; sourceTree = "<group>"; };
		9F20D8BB1C82AEB100A41B90 /* front.png */ = {isa = PBXFileReference; lastKnownFileType = image.png; path = front.png; sourceTree = "<group>"; };
		9F20D8BC1C82AEB100A41B90 /* shutter.png */ = {isa = PBXFileReference; lastKnownFileType = image.png; path = shutter.png; sourceTree = "<group>"; };
/* End PBXFileReference section */

/* Begin PBXFrameworksBuildPhase section */
		9F20D83E1C8144A900A41B90 /* Frameworks */ = {
			isa = PBXFrameworksBuildPhase;
			buildActionMask = 2147483647;
			files = (
				9F20D8B41C82A2BA00A41B90 /* ImageIO.framework in Frameworks */,
				9F20D8B21C82A2AB00A41B90 /* CoreImage.framework in Frameworks */,
				9F20D8961C819CE300A41B90 /* AVFoundation.framework in Frameworks */,
				9F20D8941C819CD500A41B90 /* AssetsLibrary.framework in Frameworks */,
				9F20D8921C819CCB00A41B90 /* MediaPlayer.framework in Frameworks */,
				5EE7D55811B3CAD6817EB1DC /* libPods-konosuba.a in Frameworks */,
			);
			runOnlyForDeploymentPostprocessing = 0;
		};
		9F20D8571C8144A900A41B90 /* Frameworks */ = {
			isa = PBXFrameworksBuildPhase;
			buildActionMask = 2147483647;
			files = (
			);
			runOnlyForDeploymentPostprocessing = 0;
		};
		9F20D8621C8144A900A41B90 /* Frameworks */ = {
			isa = PBXFrameworksBuildPhase;
			buildActionMask = 2147483647;
			files = (
			);
			runOnlyForDeploymentPostprocessing = 0;
		};
/* End PBXFrameworksBuildPhase section */

/* Begin PBXGroup section */
		705EDEF11C8170B00021DD71 /* KSBBgmSettingViewController */ = {
			isa = PBXGroup;
			children = (
				705EDEF21C8171CF0021DD71 /* KSBBgmSettingViewController.h */,
				705EDEF31C8171CF0021DD71 /* KSBBgmSettingViewController.m */,
			);
			name = KSBBgmSettingViewController;
			sourceTree = "<group>";
		};
		70DD4CAA1C81D07700960D58 /* KSBMovieMakeManager */ = {
			isa = PBXGroup;
			children = (
				70DD4CAB1C81D0A500960D58 /* KSBMovieManager.m */,
				70DD4CAC1C81D0A500960D58 /* KSBMovieManager.h */,
			);
			name = KSBMovieMakeManager;
			sourceTree = "<group>";
		};
		70DD4CAE1C81D0D500960D58 /* Category */ = {
			isa = PBXGroup;
			children = (
				70DD4CAF1C81D0E400960D58 /* UIImage+Util.h */,
				70DD4CB01C81D0E400960D58 /* UIImage+Util.m */,
			);
			name = Category;
			sourceTree = "<group>";
		};
		70DD4CB41C81D1E900960D58 /* Images */ = {
			isa = PBXGroup;
			children = (
				9F20D8B91C82AEA500A41B90 /* Camera */,
				70DD4CB71C81D22100960D58 /* Frame */,
				70DD4CB61C81D21800960D58 /* Other */,
				70DD4CB51C81D20500960D58 /* Button */,
			);
			name = Images;
			sourceTree = "<group>";
		};
		70DD4CB51C81D20500960D58 /* Button */ = {
			isa = PBXGroup;
			children = (
				70DD4CE41C81D27500960D58 /* save.png */,
				70DD4CE51C81D27500960D58 /* twitter.png */,
				70DD4CE61C81D27500960D58 /* facebook.png */,
				70DD4CE71C81D27500960D58 /* back.png */,
				70DD4CE81C81D27500960D58 /* camera.png */,
			);
			name = Button;
			sourceTree = "<group>";
		};
		70DD4CB61C81D21800960D58 /* Other */ = {
			isa = PBXGroup;
			children = (
				70DD4D011C8221AE00960D58 /* imgres.jpg */,
				70DD4CE01C81D26800960D58 /* top_shade.png */,
				70DD4CE11C81D26800960D58 /* top.png */,
			);
			name = Other;
			sourceTree = "<group>";
		};
		70DD4CB71C81D22100960D58 /* Frame */ = {
			isa = PBXGroup;
			children = (
				70936A531C8289960020E922 /* 3_2.png */,
				70936A541C8289960020E922 /* 1_1.png */,
				70936A551C8289960020E922 /* 1_2.png */,
				70936A561C8289960020E922 /* 2_2.png */,
				70936A571C8289960020E922 /* 3_1.png */,
				70936A581C8289960020E922 /* 2_1.png */,
				70DD4CB81C81D25200960D58 /* frame09@2x.png */,
				70DD4CB91C81D25200960D58 /* frame10.png */,
				70DD4CBA1C81D25200960D58 /* frame10@2x.png */,
				70DD4CBB1C81D25200960D58 /* frame01.png */,
				70DD4CBC1C81D25200960D58 /* frame01@2x.png */,
				70DD4CBD1C81D25200960D58 /* frame02.png */,
				70DD4CBE1C81D25200960D58 /* frame02@2x.png */,
				70DD4CBF1C81D25200960D58 /* frame03.png */,
				70DD4CC01C81D25200960D58 /* frame03@2x.png */,
				70DD4CC11C81D25200960D58 /* frame04.png */,
				70DD4CC21C81D25200960D58 /* frame04@2x.png */,
				70DD4CC31C81D25200960D58 /* frame05.png */,
				70DD4CC41C81D25200960D58 /* frame05@2x.png */,
				70DD4CC51C81D25200960D58 /* frame06.png */,
				70DD4CC61C81D25200960D58 /* frame06@2x.png */,
				70DD4CC71C81D25200960D58 /* frame07.png */,
				70DD4CC81C81D25200960D58 /* frame07@2x.png */,
				70DD4CC91C81D25200960D58 /* frame08.png */,
				70DD4CCA1C81D25200960D58 /* frame08@2x.png */,
				70DD4CCB1C81D25200960D58 /* frame09.png */,
			);
			name = Frame;
			sourceTree = "<group>";
		};
		70DD4CF41C81D35200960D58 /* Util */ = {
			isa = PBXGroup;
			children = (
				70DD4CF51C81D36F00960D58 /* ImageProcessor.h */,
				70DD4CF61C81D36F00960D58 /* ImageProcessor.m */,
			);
			name = Util;
			sourceTree = "<group>";
		};
		70DD4CFB1C82149200960D58 /* FirstViewController */ = {
			isa = PBXGroup;
			children = (
				70DD4CF11C81D2DF00960D58 /* FirstViewController.h */,
				70DD4CF01C81D2DF00960D58 /* FirstViewController.m */,
			);
			name = FirstViewController;
			sourceTree = "<group>";
		};
		70DD4CFC1C8214A400960D58 /* SecondViewController */ = {
			isa = PBXGroup;
			children = (
				70DD4CEF1C81D2DF00960D58 /* SecondViewController.h */,
				70DD4CEE1C81D2DF00960D58 /* SecondViewController.m */,
			);
			name = SecondViewController;
			sourceTree = "<group>";
		};
		70DD4CFD1C821B0F00960D58 /* KSBConvertViewController */ = {
			isa = PBXGroup;
			children = (
				70DD4CFE1C821B6700960D58 /* KSBConvertViewController.h */,
				70DD4CFF1C821B6700960D58 /* KSBConvertViewController.m */,
			);
			name = KSBConvertViewController;
			sourceTree = "<group>";
		};
		70DD4D031C822C0600960D58 /* KSBResultViewController */ = {
			isa = PBXGroup;
			children = (
				70DD4D041C822C2E00960D58 /* KSBResultViewController.h */,
				70DD4D051C822C2E00960D58 /* KSBResultViewController.m */,
			);
			name = KSBResultViewController;
			sourceTree = "<group>";
		};
		70DD4D0E1C82740300960D58 /* demo */ = {
			isa = PBXGroup;
			children = (
				70DD4D0F1C82740C00960D58 /* audio */,
			);
			name = demo;
			sourceTree = "<group>";
		};
		70DD4D0F1C82740C00960D58 /* audio */ = {
			isa = PBXGroup;
			children = (
				70DD4D111C82747400960D58 /* 3_2.mp3 */,
				70DD4D121C82747400960D58 /* 3_1.mp3 */,
				70DD4D131C82747400960D58 /* 2_2.mp3 */,
				70DD4D141C82747400960D58 /* 2_1.mp3 */,
				70DD4D151C82747400960D58 /* 1_2.mp3 */,
				70DD4D161C82747400960D58 /* 1_1.mp3 */,
			);
			name = audio;
			sourceTree = "<group>";
		};
		7F763701D5E294E2B197619E /* Frameworks */ = {
			isa = PBXGroup;
			children = (
				9F20D8B31C82A2BA00A41B90 /* ImageIO.framework */,
				9F20D8B11C82A2AB00A41B90 /* CoreImage.framework */,
				9F20D8951C819CE300A41B90 /* AVFoundation.framework */,
				9F20D8931C819CD500A41B90 /* AssetsLibrary.framework */,
				9F20D8911C819CCA00A41B90 /* MediaPlayer.framework */,
				5922D0003778E3012EB389C5 /* libPods-konosuba.a */,
			);
			name = Frameworks;
			sourceTree = "<group>";
		};
		9F20D8381C8144A900A41B90 = {
			isa = PBXGroup;
			children = (
				9F20D8431C8144A900A41B90 /* konosuba */,
				9F20D85D1C8144A900A41B90 /* konosubaTests */,
				9F20D8681C8144A900A41B90 /* konosubaUITests */,
				9F20D8421C8144A900A41B90 /* Products */,
				F55F1BA17371D8C6E3FBEC14 /* Pods */,
				7F763701D5E294E2B197619E /* Frameworks */,
			);
			sourceTree = "<group>";
		};
		9F20D8421C8144A900A41B90 /* Products */ = {
			isa = PBXGroup;
			children = (
				9F20D8411C8144A900A41B90 /* konosuba.app */,
				9F20D85A1C8144A900A41B90 /* konosubaTests.xctest */,
				9F20D8651C8144A900A41B90 /* konosubaUITests.xctest */,
			);
			name = Products;
			sourceTree = "<group>";
		};
		9F20D8431C8144A900A41B90 /* konosuba */ = {
			isa = PBXGroup;
			children = (
				70DD4CF41C81D35200960D58 /* Util */,
				70DD4CAE1C81D0D500960D58 /* Category */,
				9F20D8471C8144A900A41B90 /* AppDelegate.h */,
				9F20D8481C8144A900A41B90 /* AppDelegate.m */,
				9F20D8A81C8213D400A41B90 /* ThirdParty */,
				9F20D8881C8165DE00A41B90 /* Const */,
				9F20D8821C81639500A41B90 /* Manager */,
				9F20D8801C81637900A41B90 /* Model */,
				9F20D8811C81638000A41B90 /* View */,
				9F20D87D1C81635100A41B90 /* ViewController */,
				9F20D8501C8144A900A41B90 /* Assets.xcassets */,
				9F20D8521C8144A900A41B90 /* LaunchScreen.storyboard */,
				9F20D8551C8144A900A41B90 /* Info.plist */,
				9F20D8441C8144A900A41B90 /* Supporting Files */,
			);
			path = konosuba;
			sourceTree = "<group>";
		};
		9F20D8441C8144A900A41B90 /* Supporting Files */ = {
			isa = PBXGroup;
			children = (
				70DD4D0E1C82740300960D58 /* demo */,
				9F20D89C1C81D9DC00A41B90 /* SampleAudio */,
				70DD4CB41C81D1E900960D58 /* Images */,
				9F20D8451C8144A900A41B90 /* main.m */,
				9F20D88D1C8166AA00A41B90 /* konosuba-PrefixHeader.pch */,
			);
			name = "Supporting Files";
			sourceTree = "<group>";
		};
		9F20D85D1C8144A900A41B90 /* konosubaTests */ = {
			isa = PBXGroup;
			children = (
				9F20D85E1C8144A900A41B90 /* konosubaTests.m */,
				9F20D8601C8144A900A41B90 /* Info.plist */,
			);
			path = konosubaTests;
			sourceTree = "<group>";
		};
		9F20D8681C8144A900A41B90 /* konosubaUITests */ = {
			isa = PBXGroup;
			children = (
				9F20D8691C8144A900A41B90 /* konosubaUITests.m */,
				9F20D86B1C8144A900A41B90 /* Info.plist */,
			);
			path = konosubaUITests;
			sourceTree = "<group>";
		};
		9F20D87D1C81635100A41B90 /* ViewController */ = {
			isa = PBXGroup;
			children = (
				9F20D8B51C82A2C100A41B90 /* KSBCameraViewController */,
				9F20D8AD1C82238600A41B90 /* KSBBgmTrimViewController */,
				70DD4D031C822C0600960D58 /* KSBResultViewController */,
				70DD4CFD1C821B0F00960D58 /* KSBConvertViewController */,
				70DD4CFB1C82149200960D58 /* FirstViewController */,
				70DD4CFC1C8214A400960D58 /* SecondViewController */,
				705EDEF11C8170B00021DD71 /* KSBBgmSettingViewController */,
				9F20D87F1C81636A00A41B90 /* KSBTopViewController */,
				9F20D87E1C81635E00A41B90 /* KSBStepperViewController */,
			);
			name = ViewController;
			sourceTree = "<group>";
		};
		9F20D87E1C81635E00A41B90 /* KSBStepperViewController */ = {
			isa = PBXGroup;
			children = (
				9F20D87A1C81632900A41B90 /* KSBStepperViewController.h */,
				9F20D87B1C81632900A41B90 /* KSBStepperViewController.m */,
			);
			name = KSBStepperViewController;
			sourceTree = "<group>";
		};
		9F20D87F1C81636A00A41B90 /* KSBTopViewController */ = {
			isa = PBXGroup;
			children = (
				9F20D8771C8144C600A41B90 /* KSBTopViewController.h */,
				9F20D8781C8144C600A41B90 /* KSBTopViewController.m */,
			);
			name = KSBTopViewController;
			sourceTree = "<group>";
		};
		9F20D8801C81637900A41B90 /* Model */ = {
			isa = PBXGroup;
			children = (
				70DD4CF81C81D44200960D58 /* KSBAnimationAction.m */,
				70DD4CF91C81D44200960D58 /* KSBAnimationAction.h */,
			);
			name = Model;
			sourceTree = "<group>";
		};
		9F20D8811C81638000A41B90 /* View */ = {
			isa = PBXGroup;
			children = (
				9F20D89F1C81DAFC00A41B90 /* RETrimControl */,
				9F20D8831C8163CF00A41B90 /* StepperView */,
				70DD4D071C822CF400960D58 /* AVPlayerView.h */,
				70DD4D081C822CF400960D58 /* AVPlayerView.m */,
			);
			name = View;
			sourceTree = "<group>";
		};
		9F20D8821C81639500A41B90 /* Manager */ = {
			isa = PBXGroup;
			children = (
				70DD4CAA1C81D07700960D58 /* KSBMovieMakeManager */,
				9F20D8971C81CE1700A41B90 /* KSBAVAssetManager */,
			);
			name = Manager;
			sourceTree = "<group>";
		};
		9F20D8831C8163CF00A41B90 /* StepperView */ = {
			isa = PBXGroup;
			children = (
				9F20D8841C8163CF00A41B90 /* StepperConstants.h */,
				9F20D8851C8163CF00A41B90 /* StepperView.h */,
				9F20D8861C8163CF00A41B90 /* StepperView.m */,
			);
			path = StepperView;
			sourceTree = "<group>";
		};
		9F20D8881C8165DE00A41B90 /* Const */ = {
			isa = PBXGroup;
			children = (
				9F20D8891C8165E800A41B90 /* Const.h */,
				9F20D88A1C8165E800A41B90 /* Const.m */,
				9F20D88B1C8165E800A41B90 /* Macro.h */,
			);
			name = Const;
			sourceTree = "<group>";
		};
		9F20D8971C81CE1700A41B90 /* KSBAVAssetManager */ = {
			isa = PBXGroup;
			children = (
				9F20D8981C81CE3000A41B90 /* KSBAVAssetManager.h */,
				9F20D8991C81CE3000A41B90 /* KSBAVAssetManager.m */,
			);
			name = KSBAVAssetManager;
			sourceTree = "<group>";
		};
		9F20D89C1C81D9DC00A41B90 /* SampleAudio */ = {
			isa = PBXGroup;
			children = (
				9F20D89D1C81DA1800A41B90 /* no-poi!.mp3 */,
			);
			name = SampleAudio;
			sourceTree = "<group>";
		};
		9F20D89F1C81DAFC00A41B90 /* RETrimControl */ = {
			isa = PBXGroup;
			children = (
				9F20D8A01C81DAFC00A41B90 /* RETrimControl.bundle */,
				9F20D8A11C81DAFC00A41B90 /* RETrimControl.h */,
				9F20D8A21C81DAFC00A41B90 /* RETrimControl.m */,
				9F20D8A31C81DAFC00A41B90 /* RETrimPopover.h */,
				9F20D8A41C81DAFC00A41B90 /* RETrimPopover.m */,
			);
			path = RETrimControl;
			sourceTree = "<group>";
		};
		9F20D8A81C8213D400A41B90 /* ThirdParty */ = {
			isa = PBXGroup;
			children = (
				9F20D8A91C8213DB00A41B90 /* TSLibraryImport */,
			);
			name = ThirdParty;
			sourceTree = "<group>";
		};
		9F20D8A91C8213DB00A41B90 /* TSLibraryImport */ = {
			isa = PBXGroup;
			children = (
				9F20D8AA1C8213E900A41B90 /* TSLibraryImport.h */,
				9F20D8AB1C8213E900A41B90 /* TSLibraryImport.m */,
			);
			name = TSLibraryImport;
			sourceTree = "<group>";
		};
		9F20D8AD1C82238600A41B90 /* KSBBgmTrimViewController */ = {
			isa = PBXGroup;
			children = (
				9F20D8AE1C8223D900A41B90 /* KSBBgmTrimViewController.h */,
				9F20D8AF1C8223D900A41B90 /* KSBBgmTrimViewController.m */,
			);
			name = KSBBgmTrimViewController;
			sourceTree = "<group>";
		};
		9F20D8B51C82A2C100A41B90 /* KSBCameraViewController */ = {
			isa = PBXGroup;
			children = (
				9F20D8B61C82A2F300A41B90 /* CameraViewController.h */,
				9F20D8B71C82A2F300A41B90 /* CameraViewController.m */,
			);
			name = KSBCameraViewController;
			sourceTree = "<group>";
		};
		9F20D8B91C82AEA500A41B90 /* Camera */ = {
			isa = PBXGroup;
			children = (
				9F20D8BA1C82AEB100A41B90 /* flash.png */,
				9F20D8BB1C82AEB100A41B90 /* front.png */,
				9F20D8BC1C82AEB100A41B90 /* shutter.png */,
			);
			name = Camera;
			sourceTree = "<group>";
		};
		F55F1BA17371D8C6E3FBEC14 /* Pods */ = {
			isa = PBXGroup;
			children = (
				19DA7BBBBB62BFE64D2F9259 /* Pods-konosuba.debug.xcconfig */,
				9BF021385222574E677ECF36 /* Pods-konosuba.release.xcconfig */,
			);
			name = Pods;
			sourceTree = "<group>";
		};
/* End PBXGroup section */

/* Begin PBXNativeTarget section */
		9F20D8401C8144A900A41B90 /* konosuba */ = {
			isa = PBXNativeTarget;
			buildConfigurationList = 9F20D86E1C8144A900A41B90 /* Build configuration list for PBXNativeTarget "konosuba" */;
			buildPhases = (
				2DCC1A9D6CDC7FA3ABB3B193 /* Check Pods Manifest.lock */,
				9F20D83D1C8144A900A41B90 /* Sources */,
				9F20D83E1C8144A900A41B90 /* Frameworks */,
				9F20D83F1C8144A900A41B90 /* Resources */,
				FC87E3826E992240077416A3 /* Embed Pods Frameworks */,
				F3369DBCC8244A6DA054B9C2 /* Copy Pods Resources */,
			);
			buildRules = (
			);
			dependencies = (
			);
			name = konosuba;
			productName = konosuba;
			productReference = 9F20D8411C8144A900A41B90 /* konosuba.app */;
			productType = "com.apple.product-type.application";
		};
		9F20D8591C8144A900A41B90 /* konosubaTests */ = {
			isa = PBXNativeTarget;
			buildConfigurationList = 9F20D8711C8144A900A41B90 /* Build configuration list for PBXNativeTarget "konosubaTests" */;
			buildPhases = (
				9F20D8561C8144A900A41B90 /* Sources */,
				9F20D8571C8144A900A41B90 /* Frameworks */,
				9F20D8581C8144A900A41B90 /* Resources */,
			);
			buildRules = (
			);
			dependencies = (
				9F20D85C1C8144A900A41B90 /* PBXTargetDependency */,
			);
			name = konosubaTests;
			productName = konosubaTests;
			productReference = 9F20D85A1C8144A900A41B90 /* konosubaTests.xctest */;
			productType = "com.apple.product-type.bundle.unit-test";
		};
		9F20D8641C8144A900A41B90 /* konosubaUITests */ = {
			isa = PBXNativeTarget;
			buildConfigurationList = 9F20D8741C8144A900A41B90 /* Build configuration list for PBXNativeTarget "konosubaUITests" */;
			buildPhases = (
				9F20D8611C8144A900A41B90 /* Sources */,
				9F20D8621C8144A900A41B90 /* Frameworks */,
				9F20D8631C8144A900A41B90 /* Resources */,
			);
			buildRules = (
			);
			dependencies = (
				9F20D8671C8144A900A41B90 /* PBXTargetDependency */,
			);
			name = konosubaUITests;
			productName = konosubaUITests;
			productReference = 9F20D8651C8144A900A41B90 /* konosubaUITests.xctest */;
			productType = "com.apple.product-type.bundle.ui-testing";
		};
/* End PBXNativeTarget section */

/* Begin PBXProject section */
		9F20D8391C8144A900A41B90 /* Project object */ = {
			isa = PBXProject;
			attributes = {
				LastUpgradeCheck = 0710;
				ORGANIZATIONNAME = "Keisuke Tatsumi";
				TargetAttributes = {
					9F20D8401C8144A900A41B90 = {
						CreatedOnToolsVersion = 7.1;
						DevelopmentTeam = F3VVD8SLFZ;
					};
					9F20D8591C8144A900A41B90 = {
						CreatedOnToolsVersion = 7.1;
						TestTargetID = 9F20D8401C8144A900A41B90;
					};
					9F20D8641C8144A900A41B90 = {
						CreatedOnToolsVersion = 7.1;
						TestTargetID = 9F20D8401C8144A900A41B90;
					};
				};
			};
			buildConfigurationList = 9F20D83C1C8144A900A41B90 /* Build configuration list for PBXProject "konosuba" */;
			compatibilityVersion = "Xcode 3.2";
			developmentRegion = English;
			hasScannedForEncodings = 0;
			knownRegions = (
				en,
				Base,
			);
			mainGroup = 9F20D8381C8144A900A41B90;
			productRefGroup = 9F20D8421C8144A900A41B90 /* Products */;
			projectDirPath = "";
			projectRoot = "";
			targets = (
				9F20D8401C8144A900A41B90 /* konosuba */,
				9F20D8591C8144A900A41B90 /* konosubaTests */,
				9F20D8641C8144A900A41B90 /* konosubaUITests */,
			);
		};
/* End PBXProject section */

/* Begin PBXResourcesBuildPhase section */
		9F20D83F1C8144A900A41B90 /* Resources */ = {
			isa = PBXResourcesBuildPhase;
			buildActionMask = 2147483647;
			files = (
				70936A5D1C8289960020E922 /* 3_1.png in Resources */,
				9F20D8A51C81DAFC00A41B90 /* RETrimControl.bundle in Resources */,
				70DD4CDF1C81D25300960D58 /* frame09.png in Resources */,
				9F20D8BD1C82AEB100A41B90 /* flash.png in Resources */,
				9F20D8541C8144A900A41B90 /* LaunchScreen.storyboard in Resources */,
				70DD4CDC1C81D25300960D58 /* frame07@2x.png in Resources */,
				70DD4D181C82747400960D58 /* 3_1.mp3 in Resources */,
				70DD4CD51C81D25300960D58 /* frame04.png in Resources */,
				70DD4CEC1C81D27500960D58 /* back.png in Resources */,
				70DD4CEB1C81D27500960D58 /* facebook.png in Resources */,
				70DD4CCE1C81D25200960D58 /* frame10@2x.png in Resources */,
				70DD4CDA1C81D25300960D58 /* frame06@2x.png in Resources */,
				9F20D8BF1C82AEB100A41B90 /* shutter.png in Resources */,
				70DD4CD31C81D25300960D58 /* frame03.png in Resources */,
				70936A5A1C8289960020E922 /* 1_1.png in Resources */,
				70DD4CCC1C81D25200960D58 /* frame09@2x.png in Resources */,
				70DD4CD61C81D25300960D58 /* frame04@2x.png in Resources */,
				70DD4D171C82747400960D58 /* 3_2.mp3 in Resources */,
				70DD4CD11C81D25200960D58 /* frame02.png in Resources */,
				70DD4CD01C81D25200960D58 /* frame01@2x.png in Resources */,
				70DD4CD81C81D25300960D58 /* frame05@2x.png in Resources */,
				70DD4CCD1C81D25200960D58 /* frame10.png in Resources */,
				70DD4CE21C81D26800960D58 /* top_shade.png in Resources */,
				70DD4CCF1C81D25200960D58 /* frame01.png in Resources */,
				70DD4CD71C81D25300960D58 /* frame05.png in Resources */,
				70DD4CE91C81D27500960D58 /* save.png in Resources */,
				70DD4D1C1C82747400960D58 /* 1_1.mp3 in Resources */,
				70936A5B1C8289960020E922 /* 1_2.png in Resources */,
				70DD4CEA1C81D27500960D58 /* twitter.png in Resources */,
				70DD4D1B1C82747400960D58 /* 1_2.mp3 in Resources */,
				70DD4CD41C81D25300960D58 /* frame03@2x.png in Resources */,
				70DD4CED1C81D27500960D58 /* camera.png in Resources */,
				9F20D8511C8144A900A41B90 /* Assets.xcassets in Resources */,
				9F20D89E1C81DA1800A41B90 /* no-poi!.mp3 in Resources */,
				70936A5E1C8289960020E922 /* 2_1.png in Resources */,
				70DD4D1A1C82747400960D58 /* 2_1.mp3 in Resources */,
				70DD4CD21C81D25300960D58 /* frame02@2x.png in Resources */,
				70DD4CDE1C81D25300960D58 /* frame08@2x.png in Resources */,
				70DD4CDD1C81D25300960D58 /* frame08.png in Resources */,
				70936A591C8289960020E922 /* 3_2.png in Resources */,
				70DD4D021C8221AE00960D58 /* imgres.jpg in Resources */,
				70DD4D191C82747400960D58 /* 2_2.mp3 in Resources */,
				70DD4CE31C81D26800960D58 /* top.png in Resources */,
				70936A5C1C8289960020E922 /* 2_2.png in Resources */,
				70DD4CDB1C81D25300960D58 /* frame07.png in Resources */,
				70DD4CD91C81D25300960D58 /* frame06.png in Resources */,
				9F20D8BE1C82AEB100A41B90 /* front.png in Resources */,
			);
			runOnlyForDeploymentPostprocessing = 0;
		};
		9F20D8581C8144A900A41B90 /* Resources */ = {
			isa = PBXResourcesBuildPhase;
			buildActionMask = 2147483647;
			files = (
			);
			runOnlyForDeploymentPostprocessing = 0;
		};
		9F20D8631C8144A900A41B90 /* Resources */ = {
			isa = PBXResourcesBuildPhase;
			buildActionMask = 2147483647;
			files = (
			);
			runOnlyForDeploymentPostprocessing = 0;
		};
/* End PBXResourcesBuildPhase section */

/* Begin PBXShellScriptBuildPhase section */
		2DCC1A9D6CDC7FA3ABB3B193 /* Check Pods Manifest.lock */ = {
			isa = PBXShellScriptBuildPhase;
			buildActionMask = 2147483647;
			files = (
			);
			inputPaths = (
			);
			name = "Check Pods Manifest.lock";
			outputPaths = (
			);
			runOnlyForDeploymentPostprocessing = 0;
			shellPath = /bin/sh;
			shellScript = "diff \"${PODS_ROOT}/../Podfile.lock\" \"${PODS_ROOT}/Manifest.lock\" > /dev/null\nif [[ $? != 0 ]] ; then\n    cat << EOM\nerror: The sandbox is not in sync with the Podfile.lock. Run 'pod install' or update your CocoaPods installation.\nEOM\n    exit 1\nfi\n";
			showEnvVarsInLog = 0;
		};
		F3369DBCC8244A6DA054B9C2 /* Copy Pods Resources */ = {
			isa = PBXShellScriptBuildPhase;
			buildActionMask = 2147483647;
			files = (
			);
			inputPaths = (
			);
			name = "Copy Pods Resources";
			outputPaths = (
			);
			runOnlyForDeploymentPostprocessing = 0;
			shellPath = /bin/sh;
			shellScript = "\"${SRCROOT}/Pods/Target Support Files/Pods-konosuba/Pods-konosuba-resources.sh\"\n";
			showEnvVarsInLog = 0;
		};
		FC87E3826E992240077416A3 /* Embed Pods Frameworks */ = {
			isa = PBXShellScriptBuildPhase;
			buildActionMask = 2147483647;
			files = (
			);
			inputPaths = (
			);
			name = "Embed Pods Frameworks";
			outputPaths = (
			);
			runOnlyForDeploymentPostprocessing = 0;
			shellPath = /bin/sh;
			shellScript = "\"${SRCROOT}/Pods/Target Support Files/Pods-konosuba/Pods-konosuba-frameworks.sh\"\n";
			showEnvVarsInLog = 0;
		};
/* End PBXShellScriptBuildPhase section */

/* Begin PBXSourcesBuildPhase section */
		9F20D83D1C8144A900A41B90 /* Sources */ = {
			isa = PBXSourcesBuildPhase;
			buildActionMask = 2147483647;
			files = (
				9F20D8A61C81DAFC00A41B90 /* RETrimControl.m in Sources */,
				70DD4CF71C81D36F00960D58 /* ImageProcessor.m in Sources */,
				70DD4CF21C81D2DF00960D58 /* SecondViewController.m in Sources */,
				9F20D8491C8144A900A41B90 /* AppDelegate.m in Sources */,
				70DD4CB11C81D0E400960D58 /* UIImage+Util.m in Sources */,
				70DD4D091C822CF400960D58 /* AVPlayerView.m in Sources */,
				70DD4D061C822C2E00960D58 /* KSBResultViewController.m in Sources */,
				70DD4CFA1C81D44200960D58 /* KSBAnimationAction.m in Sources */,
				70DD4D001C821B6700960D58 /* KSBConvertViewController.m in Sources */,
				9F20D89A1C81CE3000A41B90 /* KSBAVAssetManager.m in Sources */,
				9F20D8871C8163CF00A41B90 /* StepperView.m in Sources */,
				9F20D8A71C81DAFC00A41B90 /* RETrimPopover.m in Sources */,
				9F20D8AC1C8213E900A41B90 /* TSLibraryImport.m in Sources */,
				9F20D8461C8144A900A41B90 /* main.m in Sources */,
				9F20D88C1C8165E800A41B90 /* Const.m in Sources */,
				70DD4CF31C81D2DF00960D58 /* FirstViewController.m in Sources */,
				705EDEF41C8171CF0021DD71 /* KSBBgmSettingViewController.m in Sources */,
				9F20D8B81C82A2F300A41B90 /* CameraViewController.m in Sources */,
				9F20D8791C8144C600A41B90 /* KSBTopViewController.m in Sources */,
				9F20D8B01C8223D900A41B90 /* KSBBgmTrimViewController.m in Sources */,
				70DD4CAD1C81D0A500960D58 /* KSBMovieManager.m in Sources */,
				9F20D87C1C81632900A41B90 /* KSBStepperViewController.m in Sources */,
			);
			runOnlyForDeploymentPostprocessing = 0;
		};
		9F20D8561C8144A900A41B90 /* Sources */ = {
			isa = PBXSourcesBuildPhase;
			buildActionMask = 2147483647;
			files = (
				9F20D85F1C8144A900A41B90 /* konosubaTests.m in Sources */,
			);
			runOnlyForDeploymentPostprocessing = 0;
		};
		9F20D8611C8144A900A41B90 /* Sources */ = {
			isa = PBXSourcesBuildPhase;
			buildActionMask = 2147483647;
			files = (
				9F20D86A1C8144A900A41B90 /* konosubaUITests.m in Sources */,
			);
			runOnlyForDeploymentPostprocessing = 0;
		};
/* End PBXSourcesBuildPhase section */

/* Begin PBXTargetDependency section */
		9F20D85C1C8144A900A41B90 /* PBXTargetDependency */ = {
			isa = PBXTargetDependency;
			target = 9F20D8401C8144A900A41B90 /* konosuba */;
			targetProxy = 9F20D85B1C8144A900A41B90 /* PBXContainerItemProxy */;
		};
		9F20D8671C8144A900A41B90 /* PBXTargetDependency */ = {
			isa = PBXTargetDependency;
			target = 9F20D8401C8144A900A41B90 /* konosuba */;
			targetProxy = 9F20D8661C8144A900A41B90 /* PBXContainerItemProxy */;
		};
/* End PBXTargetDependency section */

/* Begin PBXVariantGroup section */
		9F20D8521C8144A900A41B90 /* LaunchScreen.storyboard */ = {
			isa = PBXVariantGroup;
			children = (
				9F20D8531C8144A900A41B90 /* Base */,
			);
			name = LaunchScreen.storyboard;
			sourceTree = "<group>";
		};
/* End PBXVariantGroup section */

/* Begin XCBuildConfiguration section */
		9F20D86C1C8144A900A41B90 /* Debug */ = {
			isa = XCBuildConfiguration;
			buildSettings = {
				ALWAYS_SEARCH_USER_PATHS = NO;
				CLANG_CXX_LANGUAGE_STANDARD = "gnu++0x";
				CLANG_CXX_LIBRARY = "libc++";
				CLANG_ENABLE_MODULES = YES;
				CLANG_ENABLE_OBJC_ARC = YES;
				CLANG_WARN_BOOL_CONVERSION = YES;
				CLANG_WARN_CONSTANT_CONVERSION = YES;
				CLANG_WARN_DIRECT_OBJC_ISA_USAGE = YES_ERROR;
				CLANG_WARN_EMPTY_BODY = YES;
				CLANG_WARN_ENUM_CONVERSION = YES;
				CLANG_WARN_INT_CONVERSION = YES;
				CLANG_WARN_OBJC_ROOT_CLASS = YES_ERROR;
				CLANG_WARN_UNREACHABLE_CODE = YES;
				CLANG_WARN__DUPLICATE_METHOD_MATCH = YES;
				"CODE_SIGN_IDENTITY[sdk=iphoneos*]" = "iPhone Developer";
				COPY_PHASE_STRIP = NO;
				DEBUG_INFORMATION_FORMAT = dwarf;
				ENABLE_BITCODE = NO;
				ENABLE_STRICT_OBJC_MSGSEND = YES;
				ENABLE_TESTABILITY = YES;
				GCC_C_LANGUAGE_STANDARD = gnu99;
				GCC_DYNAMIC_NO_PIC = NO;
				GCC_NO_COMMON_BLOCKS = YES;
				GCC_OPTIMIZATION_LEVEL = 0;
				GCC_PREFIX_HEADER = "konosuba/konosuba-PrefixHeader.pch";
				GCC_PREPROCESSOR_DEFINITIONS = (
					"DEBUG=1",
					"$(inherited)",
				);
				GCC_WARN_64_TO_32_BIT_CONVERSION = YES;
				GCC_WARN_ABOUT_RETURN_TYPE = YES_ERROR;
				GCC_WARN_UNDECLARED_SELECTOR = YES;
				GCC_WARN_UNINITIALIZED_AUTOS = YES_AGGRESSIVE;
				GCC_WARN_UNUSED_FUNCTION = YES;
				GCC_WARN_UNUSED_VARIABLE = YES;
				IPHONEOS_DEPLOYMENT_TARGET = 8.0;
				MTL_ENABLE_DEBUG_INFO = YES;
				ONLY_ACTIVE_ARCH = YES;
				SDKROOT = iphoneos;
			};
			name = Debug;
		};
		9F20D86D1C8144A900A41B90 /* Release */ = {
			isa = XCBuildConfiguration;
			buildSettings = {
				ALWAYS_SEARCH_USER_PATHS = NO;
				CLANG_CXX_LANGUAGE_STANDARD = "gnu++0x";
				CLANG_CXX_LIBRARY = "libc++";
				CLANG_ENABLE_MODULES = YES;
				CLANG_ENABLE_OBJC_ARC = YES;
				CLANG_WARN_BOOL_CONVERSION = YES;
				CLANG_WARN_CONSTANT_CONVERSION = YES;
				CLANG_WARN_DIRECT_OBJC_ISA_USAGE = YES_ERROR;
				CLANG_WARN_EMPTY_BODY = YES;
				CLANG_WARN_ENUM_CONVERSION = YES;
				CLANG_WARN_INT_CONVERSION = YES;
				CLANG_WARN_OBJC_ROOT_CLASS = YES_ERROR;
				CLANG_WARN_UNREACHABLE_CODE = YES;
				CLANG_WARN__DUPLICATE_METHOD_MATCH = YES;
				"CODE_SIGN_IDENTITY[sdk=iphoneos*]" = "iPhone Developer";
				COPY_PHASE_STRIP = NO;
				DEBUG_INFORMATION_FORMAT = "dwarf-with-dsym";
				ENABLE_BITCODE = NO;
				ENABLE_NS_ASSERTIONS = NO;
				ENABLE_STRICT_OBJC_MSGSEND = YES;
				GCC_C_LANGUAGE_STANDARD = gnu99;
				GCC_NO_COMMON_BLOCKS = YES;
				GCC_PREFIX_HEADER = "konosuba/konosuba-PrefixHeader.pch";
				GCC_WARN_64_TO_32_BIT_CONVERSION = YES;
				GCC_WARN_ABOUT_RETURN_TYPE = YES_ERROR;
				GCC_WARN_UNDECLARED_SELECTOR = YES;
				GCC_WARN_UNINITIALIZED_AUTOS = YES_AGGRESSIVE;
				GCC_WARN_UNUSED_FUNCTION = YES;
				GCC_WARN_UNUSED_VARIABLE = YES;
				IPHONEOS_DEPLOYMENT_TARGET = 8.0;
				MTL_ENABLE_DEBUG_INFO = NO;
				SDKROOT = iphoneos;
				VALIDATE_PRODUCT = YES;
			};
			name = Release;
		};
		9F20D86F1C8144A900A41B90 /* Debug */ = {
			isa = XCBuildConfiguration;
			baseConfigurationReference = 19DA7BBBBB62BFE64D2F9259 /* Pods-konosuba.debug.xcconfig */;
			buildSettings = {
				ASSETCATALOG_COMPILER_APPICON_NAME = AppIcon;
				CODE_SIGN_IDENTITY = "iPhone Developer";
				"CODE_SIGN_IDENTITY[sdk=iphoneos*]" = "iPhone Developer";
				INFOPLIST_FILE = konosuba/Info.plist;
				LD_RUNPATH_SEARCH_PATHS = "$(inherited) @executable_path/Frameworks";
				PRODUCT_BUNDLE_IDENTIFIER = jp.glorydays.konosuba;
				PRODUCT_NAME = "$(TARGET_NAME)";
				PROVISIONING_PROFILE = "";
			};
			name = Debug;
		};
		9F20D8701C8144A900A41B90 /* Release */ = {
			isa = XCBuildConfiguration;
			baseConfigurationReference = 9BF021385222574E677ECF36 /* Pods-konosuba.release.xcconfig */;
			buildSettings = {
				ASSETCATALOG_COMPILER_APPICON_NAME = AppIcon;
				CODE_SIGN_IDENTITY = "iPhone Developer";
				"CODE_SIGN_IDENTITY[sdk=iphoneos*]" = "iPhone Developer";
				INFOPLIST_FILE = konosuba/Info.plist;
				LD_RUNPATH_SEARCH_PATHS = "$(inherited) @executable_path/Frameworks";
				PRODUCT_BUNDLE_IDENTIFIER = jp.glorydays.konosuba;
				PRODUCT_NAME = "$(TARGET_NAME)";
				PROVISIONING_PROFILE = "";
			};
			name = Release;
		};
		9F20D8721C8144A900A41B90 /* Debug */ = {
			isa = XCBuildConfiguration;
			buildSettings = {
				BUNDLE_LOADER = "$(TEST_HOST)";
				INFOPLIST_FILE = konosubaTests/Info.plist;
				LD_RUNPATH_SEARCH_PATHS = "$(inherited) @executable_path/Frameworks @loader_path/Frameworks";
				PRODUCT_BUNDLE_IDENTIFIER = jp.glorydays.konosubaTests;
				PRODUCT_NAME = "$(TARGET_NAME)";
				TEST_HOST = "$(BUILT_PRODUCTS_DIR)/konosuba.app/konosuba";
			};
			name = Debug;
		};
		9F20D8731C8144A900A41B90 /* Release */ = {
			isa = XCBuildConfiguration;
			buildSettings = {
				BUNDLE_LOADER = "$(TEST_HOST)";
				INFOPLIST_FILE = konosubaTests/Info.plist;
				LD_RUNPATH_SEARCH_PATHS = "$(inherited) @executable_path/Frameworks @loader_path/Frameworks";
				PRODUCT_BUNDLE_IDENTIFIER = jp.glorydays.konosubaTests;
				PRODUCT_NAME = "$(TARGET_NAME)";
				TEST_HOST = "$(BUILT_PRODUCTS_DIR)/konosuba.app/konosuba";
			};
			name = Release;
		};
		9F20D8751C8144A900A41B90 /* Debug */ = {
			isa = XCBuildConfiguration;
			buildSettings = {
				INFOPLIST_FILE = konosubaUITests/Info.plist;
				LD_RUNPATH_SEARCH_PATHS = "$(inherited) @executable_path/Frameworks @loader_path/Frameworks";
				PRODUCT_BUNDLE_IDENTIFIER = jp.glorydays.konosubaUITests;
				PRODUCT_NAME = "$(TARGET_NAME)";
				TEST_TARGET_NAME = konosuba;
				USES_XCTRUNNER = YES;
			};
			name = Debug;
		};
		9F20D8761C8144A900A41B90 /* Release */ = {
			isa = XCBuildConfiguration;
			buildSettings = {
				INFOPLIST_FILE = konosubaUITests/Info.plist;
				LD_RUNPATH_SEARCH_PATHS = "$(inherited) @executable_path/Frameworks @loader_path/Frameworks";
				PRODUCT_BUNDLE_IDENTIFIER = jp.glorydays.konosubaUITests;
				PRODUCT_NAME = "$(TARGET_NAME)";
				TEST_TARGET_NAME = konosuba;
				USES_XCTRUNNER = YES;
			};
			name = Release;
		};
/* End XCBuildConfiguration section */

/* Begin XCConfigurationList section */
		9F20D83C1C8144A900A41B90 /* Build configuration list for PBXProject "konosuba" */ = {
			isa = XCConfigurationList;
			buildConfigurations = (
				9F20D86C1C8144A900A41B90 /* Debug */,
				9F20D86D1C8144A900A41B90 /* Release */,
			);
			defaultConfigurationIsVisible = 0;
			defaultConfigurationName = Release;
		};
		9F20D86E1C8144A900A41B90 /* Build configuration list for PBXNativeTarget "konosuba" */ = {
			isa = XCConfigurationList;
			buildConfigurations = (
				9F20D86F1C8144A900A41B90 /* Debug */,
				9F20D8701C8144A900A41B90 /* Release */,
			);
			defaultConfigurationIsVisible = 0;
			defaultConfigurationName = Release;
		};
		9F20D8711C8144A900A41B90 /* Build configuration list for PBXNativeTarget "konosubaTests" */ = {
			isa = XCConfigurationList;
			buildConfigurations = (
				9F20D8721C8144A900A41B90 /* Debug */,
				9F20D8731C8144A900A41B90 /* Release */,
			);
			defaultConfigurationIsVisible = 0;
			defaultConfigurationName = Release;
		};
		9F20D8741C8144A900A41B90 /* Build configuration list for PBXNativeTarget "konosubaUITests" */ = {
			isa = XCConfigurationList;
			buildConfigurations = (
				9F20D8751C8144A900A41B90 /* Debug */,
				9F20D8761C8144A900A41B90 /* Release */,
			);
			defaultConfigurationIsVisible = 0;
			defaultConfigurationName = Release;
		};
/* End XCConfigurationList section */
	};
	rootObject = 9F20D8391C8144A900A41B90 /* Project object */;
}
